
Microsoft Visual Studio Solution File, Format Version 12.00
# Visual Studio Version 17
VisualStudioVersion = 17.0.31903.59
MinimumVisualStudioVersion = 10.0.40219.1
Project("{2150E333-8FDC-42A3-9474-1A3956D46DE8}") = "Core", "Core", "{0B3DF1EA-82B2-46FC-A4F4-64ECD4ADA433}"
EndProject
Project("{2150E333-8FDC-42A3-9474-1A3956D46DE8}") = "Infrastructure", "Infrastructure", "{5182032A-049A-4220-86CA-20FF4237EE75}"
EndProject
Project("{2150E333-8FDC-42A3-9474-1A3956D46DE8}") = "Presentations", "Presentations", "{098730DB-DE41-4DA5-9FAA-EF3A2FB339A5}"
EndProject
Project("{2150E333-8FDC-42A3-9474-1A3956D46DE8}") = "Tests", "Tests", "{CA70F69D-D77C-4A98-87A1-85049D8D5BBC}"
EndProject
Project("{9A19103F-16F7-4668-BE54-9A1E7A4F7556}") = "DrugStore.Application", "src\DrugStore.Application\DrugStore.Application.csproj", "{667576B1-7165-4FAA-A251-5D46449EF861}"
EndProject
Project("{9A19103F-16F7-4668-BE54-9A1E7A4F7556}") = "DrugStore.Domain", "src\DrugStore.Domain\DrugStore.Domain.csproj", "{84CE6EDC-10CB-450A-9D8F-F988CC389A13}"
EndProject
Project("{9A19103F-16F7-4668-BE54-9A1E7A4F7556}") = "DrugStore.Persistence", "src\DrugStore.Persistence\DrugStore.Persistence.csproj", "{DF3A3581-03ED-4C45-ADB5-269C72A9C38C}"
EndProject
Project("{9A19103F-16F7-4668-BE54-9A1E7A4F7556}") = "DrugStore.Infrastructure", "src\DrugStore.Infrastructure\DrugStore.Infrastructure.csproj", "{339B7161-86E2-4FF1-84D3-BD7D3BE4E749}"
EndProject
Project("{2150E333-8FDC-42A3-9474-1A3956D46DE8}") = "BackEnds", "BackEnds", "{3DFF8B58-9C87-4440-AF1D-92AA434698C9}"
EndProject
Project("{2150E333-8FDC-42A3-9474-1A3956D46DE8}") = "FrontEnds", "FrontEnds", "{6FF9CA4A-1CE5-4846-A831-80F9FF018DAD}"
EndProject
Project("{9A19103F-16F7-4668-BE54-9A1E7A4F7556}") = "BackOffice.EndToEnd", "tests\BackOffice.EndToEnd\BackOffice.EndToEnd.csproj", "{0734FB58-C157-469E-9F6A-76DAD842C9D8}"
EndProject
Project("{9A19103F-16F7-4668-BE54-9A1E7A4F7556}") = "DrugStore.ArchTest", "tests\DrugStore.ArchTest\DrugStore.ArchTest.csproj", "{6D0F9AD3-F581-4B43-8B47-CD6CD5583AF0}"
EndProject
Project("{9A19103F-16F7-4668-BE54-9A1E7A4F7556}") = "DrugStore.FunctionalTest", "tests\DrugStore.FunctionalTest\DrugStore.FunctionalTest.csproj", "{23E08AD5-74EF-4357-8DEA-B71623A2D6C2}"
EndProject
Project("{9A19103F-16F7-4668-BE54-9A1E7A4F7556}") = "DrugStore.IntegrationTest", "tests\DrugStore.IntegrationTest\DrugStore.IntegrationTest.csproj", "{B1D24F55-9750-4D0A-8831-39AD218CA027}"
EndProject
Project("{9A19103F-16F7-4668-BE54-9A1E7A4F7556}") = "DrugStore.UnitTest", "tests\DrugStore.UnitTest\DrugStore.UnitTest.csproj", "{5F4FEE08-8915-4D95-9989-C1F8BDE7F460}"
EndProject
Project("{9A19103F-16F7-4668-BE54-9A1E7A4F7556}") = "StroreFront.EndToEnd", "tests\StroreFront.EndToEnd\StroreFront.EndToEnd.csproj", "{8AB62F6F-97BA-4ECC-BA14-4C257BF8184C}"
EndProject
Project("{9A19103F-16F7-4668-BE54-9A1E7A4F7556}") = "DrugStore.StoreFront", "src\DrugStore.StoreFront\DrugStore.StoreFront.csproj", "{4BD35F7D-4010-4A91-A73A-B519A894B278}"
EndProject
Project("{9A19103F-16F7-4668-BE54-9A1E7A4F7556}") = "DrugStore.BackOffice", "src\DrugStore.BackOffice\DrugStore.BackOffice.csproj", "{B8FB4F1E-BBF0-4C5C-B4B3-11034069E28C}"
EndProject
Project("{9A19103F-16F7-4668-BE54-9A1E7A4F7556}") = "DrugStore.WebAPI", "src\DrugStore.WebAPI\DrugStore.WebAPI.csproj", "{51BB3671-7388-483C-B2D6-1263A33FC70B}"
EndProject
Project("{2150E333-8FDC-42A3-9474-1A3956D46DE8}") = "Solution Items", "Solution Items", "{4CEEDD75-BDEE-48E1-A7A1-F4EBE57A4078}"
	ProjectSection(SolutionItems) = preProject
		.editorconfig = .editorconfig
		Directory.Build.props = Directory.Build.props
		Directory.Packages.props = Directory.Packages.props
	EndProjectSection
EndProject
Project("{9A19103F-16F7-4668-BE54-9A1E7A4F7556}") = "DrugStore.IdentityServer", "src\DrugStore.IdentityServer\DrugStore.IdentityServer.csproj", "{639DFA90-ACE2-4405-925E-676887B933EF}"
EndProject
Global
	GlobalSection(SolutionConfigurationPlatforms) = preSolution
		Debug|Any CPU = Debug|Any CPU
		Release|Any CPU = Release|Any CPU
	EndGlobalSection
	GlobalSection(ProjectConfigurationPlatforms) = postSolution
		{667576B1-7165-4FAA-A251-5D46449EF861}.Debug|Any CPU.ActiveCfg = Debug|Any CPU
		{667576B1-7165-4FAA-A251-5D46449EF861}.Debug|Any CPU.Build.0 = Debug|Any CPU
		{667576B1-7165-4FAA-A251-5D46449EF861}.Release|Any CPU.ActiveCfg = Release|Any CPU
		{667576B1-7165-4FAA-A251-5D46449EF861}.Release|Any CPU.Build.0 = Release|Any CPU
		{84CE6EDC-10CB-450A-9D8F-F988CC389A13}.Debug|Any CPU.ActiveCfg = Debug|Any CPU
		{84CE6EDC-10CB-450A-9D8F-F988CC389A13}.Debug|Any CPU.Build.0 = Debug|Any CPU
		{84CE6EDC-10CB-450A-9D8F-F988CC389A13}.Release|Any CPU.ActiveCfg = Release|Any CPU
		{84CE6EDC-10CB-450A-9D8F-F988CC389A13}.Release|Any CPU.Build.0 = Release|Any CPU
		{DF3A3581-03ED-4C45-ADB5-269C72A9C38C}.Debug|Any CPU.ActiveCfg = Debug|Any CPU
		{DF3A3581-03ED-4C45-ADB5-269C72A9C38C}.Debug|Any CPU.Build.0 = Debug|Any CPU
		{DF3A3581-03ED-4C45-ADB5-269C72A9C38C}.Release|Any CPU.ActiveCfg = Release|Any CPU
		{DF3A3581-03ED-4C45-ADB5-269C72A9C38C}.Release|Any CPU.Build.0 = Release|Any CPU
		{339B7161-86E2-4FF1-84D3-BD7D3BE4E749}.Debug|Any CPU.ActiveCfg = Debug|Any CPU
		{339B7161-86E2-4FF1-84D3-BD7D3BE4E749}.Debug|Any CPU.Build.0 = Debug|Any CPU
		{339B7161-86E2-4FF1-84D3-BD7D3BE4E749}.Release|Any CPU.ActiveCfg = Release|Any CPU
		{339B7161-86E2-4FF1-84D3-BD7D3BE4E749}.Release|Any CPU.Build.0 = Release|Any CPU
		{0734FB58-C157-469E-9F6A-76DAD842C9D8}.Debug|Any CPU.ActiveCfg = Debug|Any CPU
		{0734FB58-C157-469E-9F6A-76DAD842C9D8}.Debug|Any CPU.Build.0 = Debug|Any CPU
		{0734FB58-C157-469E-9F6A-76DAD842C9D8}.Release|Any CPU.ActiveCfg = Release|Any CPU
		{0734FB58-C157-469E-9F6A-76DAD842C9D8}.Release|Any CPU.Build.0 = Release|Any CPU
		{6D0F9AD3-F581-4B43-8B47-CD6CD5583AF0}.Debug|Any CPU.ActiveCfg = Debug|Any CPU
		{6D0F9AD3-F581-4B43-8B47-CD6CD5583AF0}.Debug|Any CPU.Build.0 = Debug|Any CPU
		{6D0F9AD3-F581-4B43-8B47-CD6CD5583AF0}.Release|Any CPU.ActiveCfg = Release|Any CPU
		{6D0F9AD3-F581-4B43-8B47-CD6CD5583AF0}.Release|Any CPU.Build.0 = Release|Any CPU
		{23E08AD5-74EF-4357-8DEA-B71623A2D6C2}.Debug|Any CPU.ActiveCfg = Debug|Any CPU
		{23E08AD5-74EF-4357-8DEA-B71623A2D6C2}.Debug|Any CPU.Build.0 = Debug|Any CPU
		{23E08AD5-74EF-4357-8DEA-B71623A2D6C2}.Release|Any CPU.ActiveCfg = Release|Any CPU
		{23E08AD5-74EF-4357-8DEA-B71623A2D6C2}.Release|Any CPU.Build.0 = Release|Any CPU
		{B1D24F55-9750-4D0A-8831-39AD218CA027}.Debug|Any CPU.ActiveCfg = Debug|Any CPU
		{B1D24F55-9750-4D0A-8831-39AD218CA027}.Debug|Any CPU.Build.0 = Debug|Any CPU
		{B1D24F55-9750-4D0A-8831-39AD218CA027}.Release|Any CPU.ActiveCfg = Release|Any CPU
		{B1D24F55-9750-4D0A-8831-39AD218CA027}.Release|Any CPU.Build.0 = Release|Any CPU
		{5F4FEE08-8915-4D95-9989-C1F8BDE7F460}.Debug|Any CPU.ActiveCfg = Debug|Any CPU
		{5F4FEE08-8915-4D95-9989-C1F8BDE7F460}.Debug|Any CPU.Build.0 = Debug|Any CPU
		{5F4FEE08-8915-4D95-9989-C1F8BDE7F460}.Release|Any CPU.ActiveCfg = Release|Any CPU
		{5F4FEE08-8915-4D95-9989-C1F8BDE7F460}.Release|Any CPU.Build.0 = Release|Any CPU
		{8AB62F6F-97BA-4ECC-BA14-4C257BF8184C}.Debug|Any CPU.ActiveCfg = Debug|Any CPU
		{8AB62F6F-97BA-4ECC-BA14-4C257BF8184C}.Debug|Any CPU.Build.0 = Debug|Any CPU
		{8AB62F6F-97BA-4ECC-BA14-4C257BF8184C}.Release|Any CPU.ActiveCfg = Release|Any CPU
		{8AB62F6F-97BA-4ECC-BA14-4C257BF8184C}.Release|Any CPU.Build.0 = Release|Any CPU
		{4BD35F7D-4010-4A91-A73A-B519A894B278}.Debug|Any CPU.ActiveCfg = Debug|Any CPU
		{4BD35F7D-4010-4A91-A73A-B519A894B278}.Debug|Any CPU.Build.0 = Debug|Any CPU
		{4BD35F7D-4010-4A91-A73A-B519A894B278}.Release|Any CPU.ActiveCfg = Release|Any CPU
		{4BD35F7D-4010-4A91-A73A-B519A894B278}.Release|Any CPU.Build.0 = Release|Any CPU
		{B8FB4F1E-BBF0-4C5C-B4B3-11034069E28C}.Debug|Any CPU.ActiveCfg = Debug|Any CPU
		{B8FB4F1E-BBF0-4C5C-B4B3-11034069E28C}.Debug|Any CPU.Build.0 = Debug|Any CPU
		{B8FB4F1E-BBF0-4C5C-B4B3-11034069E28C}.Release|Any CPU.ActiveCfg = Release|Any CPU
		{B8FB4F1E-BBF0-4C5C-B4B3-11034069E28C}.Release|Any CPU.Build.0 = Release|Any CPU
		{51BB3671-7388-483C-B2D6-1263A33FC70B}.Debug|Any CPU.ActiveCfg = Debug|Any CPU
		{51BB3671-7388-483C-B2D6-1263A33FC70B}.Debug|Any CPU.Build.0 = Debug|Any CPU
		{51BB3671-7388-483C-B2D6-1263A33FC70B}.Release|Any CPU.ActiveCfg = Release|Any CPU
		{51BB3671-7388-483C-B2D6-1263A33FC70B}.Release|Any CPU.Build.0 = Release|Any CPU
		{639DFA90-ACE2-4405-925E-676887B933EF}.Debug|Any CPU.ActiveCfg = Debug|Any CPU
		{639DFA90-ACE2-4405-925E-676887B933EF}.Debug|Any CPU.Build.0 = Debug|Any CPU
		{639DFA90-ACE2-4405-925E-676887B933EF}.Release|Any CPU.ActiveCfg = Release|Any CPU
		{639DFA90-ACE2-4405-925E-676887B933EF}.Release|Any CPU.Build.0 = Release|Any CPU
	EndGlobalSection
	GlobalSection(SolutionProperties) = preSolution
		HideSolutionNode = FALSE
	EndGlobalSection
	GlobalSection(NestedProjects) = preSolution
		{667576B1-7165-4FAA-A251-5D46449EF861} = {0B3DF1EA-82B2-46FC-A4F4-64ECD4ADA433}
		{84CE6EDC-10CB-450A-9D8F-F988CC389A13} = {0B3DF1EA-82B2-46FC-A4F4-64ECD4ADA433}
		{DF3A3581-03ED-4C45-ADB5-269C72A9C38C} = {5182032A-049A-4220-86CA-20FF4237EE75}
		{339B7161-86E2-4FF1-84D3-BD7D3BE4E749} = {5182032A-049A-4220-86CA-20FF4237EE75}
		{3DFF8B58-9C87-4440-AF1D-92AA434698C9} = {098730DB-DE41-4DA5-9FAA-EF3A2FB339A5}
		{6FF9CA4A-1CE5-4846-A831-80F9FF018DAD} = {098730DB-DE41-4DA5-9FAA-EF3A2FB339A5}
		{0734FB58-C157-469E-9F6A-76DAD842C9D8} = {CA70F69D-D77C-4A98-87A1-85049D8D5BBC}
		{6D0F9AD3-F581-4B43-8B47-CD6CD5583AF0} = {CA70F69D-D77C-4A98-87A1-85049D8D5BBC}
		{23E08AD5-74EF-4357-8DEA-B71623A2D6C2} = {CA70F69D-D77C-4A98-87A1-85049D8D5BBC}
		{B1D24F55-9750-4D0A-8831-39AD218CA027} = {CA70F69D-D77C-4A98-87A1-85049D8D5BBC}
		{5F4FEE08-8915-4D95-9989-C1F8BDE7F460} = {CA70F69D-D77C-4A98-87A1-85049D8D5BBC}
		{8AB62F6F-97BA-4ECC-BA14-4C257BF8184C} = {CA70F69D-D77C-4A98-87A1-85049D8D5BBC}
		{4BD35F7D-4010-4A91-A73A-B519A894B278} = {6FF9CA4A-1CE5-4846-A831-80F9FF018DAD}
		{B8FB4F1E-BBF0-4C5C-B4B3-11034069E28C} = {6FF9CA4A-1CE5-4846-A831-80F9FF018DAD}
		{51BB3671-7388-483C-B2D6-1263A33FC70B} = {3DFF8B58-9C87-4440-AF1D-92AA434698C9}
		{639DFA90-ACE2-4405-925E-676887B933EF} = {6FF9CA4A-1CE5-4846-A831-80F9FF018DAD}
	EndGlobalSection
	GlobalSection(ExtensibilityGlobals) = postSolution
		SolutionGuid = {C1F4FF6C-D504-47B7-B6DB-691837B8AFFA}
	EndGlobalSection
EndGlobal
