
Microsoft Visual Studio Solution File, Format Version 12.00
# Visual Studio Version 17
VisualStudioVersion = 17.0.31903.59
MinimumVisualStudioVersion = 10.0.40219.1
Project("{2150E333-8FDC-42A3-9474-1A3956D46DE8}") = "app", "app", "{C9D53F3E-2640-44CF-A46A-5035A1532AD5}"
EndProject
Project("{2150E333-8FDC-42A3-9474-1A3956D46DE8}") = "test", "test", "{ED85D44B-550E-4817-8FCD-34C6D78D21E7}"
EndProject
Project("{2150E333-8FDC-42A3-9474-1A3956D46DE8}") = "Api", "Api", "{9C80DCC4-B99B-4B9F-A063-6827571BED79}"
EndProject
Project("{2150E333-8FDC-42A3-9474-1A3956D46DE8}") = "Web", "Web", "{6FC3E3A3-DB10-4268-A370-EA72055D61F2}"
EndProject
Project("{FAE04EC0-301F-11D3-BF4B-00C04F79EFBC}") = "DrugStore.Presentation", "src\Api\DrugStore.Presentation\DrugStore.Presentation.csproj", "{24E0BC91-AA85-480D-A376-91420F6C8C8B}"
EndProject
Project("{FAE04EC0-301F-11D3-BF4B-00C04F79EFBC}") = "DrugStore.Domain", "src\Api\DrugStore.Domain\DrugStore.Domain.csproj", "{E793CF28-B658-4448-9F07-7C08DDBF88A2}"
EndProject
Project("{FAE04EC0-301F-11D3-BF4B-00C04F79EFBC}") = "DrugStore.Infrastructure", "src\Api\DrugStore.Infrastructure\DrugStore.Infrastructure.csproj", "{D72A9E7A-B37B-435B-A553-7CC3F130CAA5}"
EndProject
Project("{FAE04EC0-301F-11D3-BF4B-00C04F79EFBC}") = "DrugStore.Persistence", "src\Api\DrugStore.Persistence\DrugStore.Persistence.csproj", "{B890D665-2AC4-4AB2-9D3F-7C75B69C9087}"
EndProject
Project("{FAE04EC0-301F-11D3-BF4B-00C04F79EFBC}") = "DrugStore.Application", "src\Api\DrugStore.Application\DrugStore.Application.csproj", "{B9AEE65F-1CDF-4125-A2A1-66A2856125E6}"
EndProject
Project("{FAE04EC0-301F-11D3-BF4B-00C04F79EFBC}") = "DrugStore.StoreFront", "src\Web\DrugStore.StoreFront\DrugStore.StoreFront.csproj", "{2B05EFD5-DF08-4D76-A20E-E469EFBEA456}"
EndProject
Project("{FAE04EC0-301F-11D3-BF4B-00C04F79EFBC}") = "DrugStore.WebStatus", "src\Web\DrugStore.WebStatus\DrugStore.WebStatus.csproj", "{2090AA51-8D17-4569-B524-4373AD8772BF}"
EndProject
Project("{FAE04EC0-301F-11D3-BF4B-00C04F79EFBC}") = "DrugStore.UnitTest", "tests\DrugStore.UnitTest\DrugStore.UnitTest.csproj", "{4D722D94-F62B-4691-AC19-0C1405AAE840}"
EndProject
Project("{FAE04EC0-301F-11D3-BF4B-00C04F79EFBC}") = "DrugStore.FunctionalTest", "tests\DrugStore.FunctionalTest\DrugStore.FunctionalTest.csproj", "{93CA6752-FE58-4A18-95A4-FCD79272D80E}"
EndProject
Project("{FAE04EC0-301F-11D3-BF4B-00C04F79EFBC}") = "DrugStore.IntegrationTest", "tests\DrugStore.IntegrationTest\DrugStore.IntegrationTest.csproj", "{0681D204-43F8-4B12-9F59-718A804077C9}"
EndProject
Project("{FAE04EC0-301F-11D3-BF4B-00C04F79EFBC}") = "DrugStore.EndToEnd", "tests\DrugStore.EndToEnd\DrugStore.EndToEnd.csproj", "{A44691B4-11DE-4502-880D-0CAEDAF3E2C8}"
EndProject
Global
	GlobalSection(SolutionConfigurationPlatforms) = preSolution
		Debug|Any CPU = Debug|Any CPU
		Release|Any CPU = Release|Any CPU
	EndGlobalSection
	GlobalSection(ProjectConfigurationPlatforms) = postSolution
		{24E0BC91-AA85-480D-A376-91420F6C8C8B}.Debug|Any CPU.ActiveCfg = Debug|Any CPU
		{24E0BC91-AA85-480D-A376-91420F6C8C8B}.Debug|Any CPU.Build.0 = Debug|Any CPU
		{24E0BC91-AA85-480D-A376-91420F6C8C8B}.Release|Any CPU.ActiveCfg = Release|Any CPU
		{24E0BC91-AA85-480D-A376-91420F6C8C8B}.Release|Any CPU.Build.0 = Release|Any CPU
		{E793CF28-B658-4448-9F07-7C08DDBF88A2}.Debug|Any CPU.ActiveCfg = Debug|Any CPU
		{E793CF28-B658-4448-9F07-7C08DDBF88A2}.Debug|Any CPU.Build.0 = Debug|Any CPU
		{E793CF28-B658-4448-9F07-7C08DDBF88A2}.Release|Any CPU.ActiveCfg = Release|Any CPU
		{E793CF28-B658-4448-9F07-7C08DDBF88A2}.Release|Any CPU.Build.0 = Release|Any CPU
		{D72A9E7A-B37B-435B-A553-7CC3F130CAA5}.Debug|Any CPU.ActiveCfg = Debug|Any CPU
		{D72A9E7A-B37B-435B-A553-7CC3F130CAA5}.Debug|Any CPU.Build.0 = Debug|Any CPU
		{D72A9E7A-B37B-435B-A553-7CC3F130CAA5}.Release|Any CPU.ActiveCfg = Release|Any CPU
		{D72A9E7A-B37B-435B-A553-7CC3F130CAA5}.Release|Any CPU.Build.0 = Release|Any CPU
		{B890D665-2AC4-4AB2-9D3F-7C75B69C9087}.Debug|Any CPU.ActiveCfg = Debug|Any CPU
		{B890D665-2AC4-4AB2-9D3F-7C75B69C9087}.Debug|Any CPU.Build.0 = Debug|Any CPU
		{B890D665-2AC4-4AB2-9D3F-7C75B69C9087}.Release|Any CPU.ActiveCfg = Release|Any CPU
		{B890D665-2AC4-4AB2-9D3F-7C75B69C9087}.Release|Any CPU.Build.0 = Release|Any CPU
		{B9AEE65F-1CDF-4125-A2A1-66A2856125E6}.Debug|Any CPU.ActiveCfg = Debug|Any CPU
		{B9AEE65F-1CDF-4125-A2A1-66A2856125E6}.Debug|Any CPU.Build.0 = Debug|Any CPU
		{B9AEE65F-1CDF-4125-A2A1-66A2856125E6}.Release|Any CPU.ActiveCfg = Release|Any CPU
		{B9AEE65F-1CDF-4125-A2A1-66A2856125E6}.Release|Any CPU.Build.0 = Release|Any CPU
		{2B05EFD5-DF08-4D76-A20E-E469EFBEA456}.Debug|Any CPU.ActiveCfg = Debug|Any CPU
		{2B05EFD5-DF08-4D76-A20E-E469EFBEA456}.Debug|Any CPU.Build.0 = Debug|Any CPU
		{2B05EFD5-DF08-4D76-A20E-E469EFBEA456}.Release|Any CPU.ActiveCfg = Release|Any CPU
		{2B05EFD5-DF08-4D76-A20E-E469EFBEA456}.Release|Any CPU.Build.0 = Release|Any CPU
		{2090AA51-8D17-4569-B524-4373AD8772BF}.Debug|Any CPU.ActiveCfg = Debug|Any CPU
		{2090AA51-8D17-4569-B524-4373AD8772BF}.Debug|Any CPU.Build.0 = Debug|Any CPU
		{2090AA51-8D17-4569-B524-4373AD8772BF}.Release|Any CPU.ActiveCfg = Release|Any CPU
		{2090AA51-8D17-4569-B524-4373AD8772BF}.Release|Any CPU.Build.0 = Release|Any CPU
		{4D722D94-F62B-4691-AC19-0C1405AAE840}.Debug|Any CPU.ActiveCfg = Debug|Any CPU
		{4D722D94-F62B-4691-AC19-0C1405AAE840}.Debug|Any CPU.Build.0 = Debug|Any CPU
		{4D722D94-F62B-4691-AC19-0C1405AAE840}.Release|Any CPU.ActiveCfg = Release|Any CPU
		{4D722D94-F62B-4691-AC19-0C1405AAE840}.Release|Any CPU.Build.0 = Release|Any CPU
		{93CA6752-FE58-4A18-95A4-FCD79272D80E}.Debug|Any CPU.ActiveCfg = Debug|Any CPU
		{93CA6752-FE58-4A18-95A4-FCD79272D80E}.Debug|Any CPU.Build.0 = Debug|Any CPU
		{93CA6752-FE58-4A18-95A4-FCD79272D80E}.Release|Any CPU.ActiveCfg = Release|Any CPU
		{93CA6752-FE58-4A18-95A4-FCD79272D80E}.Release|Any CPU.Build.0 = Release|Any CPU
		{0681D204-43F8-4B12-9F59-718A804077C9}.Debug|Any CPU.ActiveCfg = Debug|Any CPU
		{0681D204-43F8-4B12-9F59-718A804077C9}.Debug|Any CPU.Build.0 = Debug|Any CPU
		{0681D204-43F8-4B12-9F59-718A804077C9}.Release|Any CPU.ActiveCfg = Release|Any CPU
		{0681D204-43F8-4B12-9F59-718A804077C9}.Release|Any CPU.Build.0 = Release|Any CPU
		{A44691B4-11DE-4502-880D-0CAEDAF3E2C8}.Debug|Any CPU.ActiveCfg = Debug|Any CPU
		{A44691B4-11DE-4502-880D-0CAEDAF3E2C8}.Debug|Any CPU.Build.0 = Debug|Any CPU
		{A44691B4-11DE-4502-880D-0CAEDAF3E2C8}.Release|Any CPU.ActiveCfg = Release|Any CPU
		{A44691B4-11DE-4502-880D-0CAEDAF3E2C8}.Release|Any CPU.Build.0 = Release|Any CPU
	EndGlobalSection
	GlobalSection(SolutionProperties) = preSolution
		HideSolutionNode = FALSE
	EndGlobalSection
	GlobalSection(NestedProjects) = preSolution
		{9C80DCC4-B99B-4B9F-A063-6827571BED79} = {C9D53F3E-2640-44CF-A46A-5035A1532AD5}
		{6FC3E3A3-DB10-4268-A370-EA72055D61F2} = {C9D53F3E-2640-44CF-A46A-5035A1532AD5}
		{24E0BC91-AA85-480D-A376-91420F6C8C8B} = {9C80DCC4-B99B-4B9F-A063-6827571BED79}
		{E793CF28-B658-4448-9F07-7C08DDBF88A2} = {9C80DCC4-B99B-4B9F-A063-6827571BED79}
		{D72A9E7A-B37B-435B-A553-7CC3F130CAA5} = {9C80DCC4-B99B-4B9F-A063-6827571BED79}
		{B890D665-2AC4-4AB2-9D3F-7C75B69C9087} = {9C80DCC4-B99B-4B9F-A063-6827571BED79}
		{B9AEE65F-1CDF-4125-A2A1-66A2856125E6} = {9C80DCC4-B99B-4B9F-A063-6827571BED79}
		{2B05EFD5-DF08-4D76-A20E-E469EFBEA456} = {6FC3E3A3-DB10-4268-A370-EA72055D61F2}
		{2090AA51-8D17-4569-B524-4373AD8772BF} = {6FC3E3A3-DB10-4268-A370-EA72055D61F2}
		{4D722D94-F62B-4691-AC19-0C1405AAE840} = {ED85D44B-550E-4817-8FCD-34C6D78D21E7}
		{93CA6752-FE58-4A18-95A4-FCD79272D80E} = {ED85D44B-550E-4817-8FCD-34C6D78D21E7}
		{0681D204-43F8-4B12-9F59-718A804077C9} = {ED85D44B-550E-4817-8FCD-34C6D78D21E7}
		{A44691B4-11DE-4502-880D-0CAEDAF3E2C8} = {ED85D44B-550E-4817-8FCD-34C6D78D21E7}
	EndGlobalSection
	GlobalSection(ExtensibilityGlobals) = postSolution
		SolutionGuid = {6313A171-F2C3-4A25-A58C-59274CF99F8F}
	EndGlobalSection
EndGlobal
