<Solution>
  <Folder Name="/Tests/">
    <Project Path="tests\BackOffice.EndToEnd\BackOffice.EndToEnd.csproj" />
    <Project Path="tests\DrugStore.ArchTest\DrugStore.ArchTest.csproj" />
    <Project Path="tests\DrugStore.FunctionalTest\DrugStore.FunctionalTest.csproj" />
    <Project Path="tests\DrugStore.IntegrationTest\DrugStore.IntegrationTest.csproj" />
    <Project Path="tests\DrugStore.UnitTest\DrugStore.UnitTest.csproj" />
    <Project Path="tests\StoreFront.EndToEnd\StoreFront.EndToEnd.csproj" />
  </Folder>
  <Folder Name="/Solution Items/">
    <File Path=".editorconfig" />
    <File Path="Directory.Build.props" />
    <File Path="Directory.Packages.props" />
  </Folder>
  <Folder Name="/Presentations/FrontEnds/">
    <Project Path="src\DrugStore.BackOffice\DrugStore.BackOffice.csproj" />
    <Project Path="src\DrugStore.IdentityServer\DrugStore.IdentityServer.csproj" />
    <Project Path="src\DrugStore.StoreFront\DrugStore.StoreFront.csproj" />
  </Folder>
  <Folder Name="/Presentations/BackEnds/">
    <Project Path="src\DrugStore.WebAPI\DrugStore.WebAPI.csproj" />
  </Folder>
  <Folder Name="/Presentations/" />
  <Folder Name="/Infrastructure/">
    <Project Path="src\DrugStore.Infrastructure\DrugStore.Infrastructure.csproj" />
    <Project Path="src\DrugStore.Persistence\DrugStore.Persistence.csproj" />
  </Folder>
  <Folder Name="/Core/">
    <Project Path="src\DrugStore.Application\DrugStore.Application.csproj" />
    <Project Path="src\DrugStore.Domain\DrugStore.Domain.csproj" />
  </Folder>
</Solution>
