
Microsoft Visual Studio Solution File, Format Version 12.00
# Visual Studio Version 17
VisualStudioVersion = 17.0.31903.59
MinimumVisualStudioVersion = 10.0.40219.1
Project("{2150E333-8FDC-42A3-9474-1A3956D46DE8}") = "apps", "apps", "{C9D53F3E-2640-44CF-A46A-5035A1532AD5}"
EndProject
Project("{2150E333-8FDC-42A3-9474-1A3956D46DE8}") = "tests", "tests", "{ED85D44B-550E-4817-8FCD-34C6D78D21E7}"
EndProject
Project("{2150E333-8FDC-42A3-9474-1A3956D46DE8}") = "Api", "Api", "{9C80DCC4-B99B-4B9F-A063-6827571BED79}"
EndProject
Project("{2150E333-8FDC-42A3-9474-1A3956D46DE8}") = "Web", "Web", "{6FC3E3A3-DB10-4268-A370-EA72055D61F2}"
EndProject
Project("{9A19103F-16F7-4668-BE54-9A1E7A4F7556}") = "DrugStore.Presentation", "src\Api\DrugStore.Presentation\DrugStore.Presentation.csproj", "{24E0BC91-AA85-480D-A376-91420F6C8C8B}"
EndProject
Project("{9A19103F-16F7-4668-BE54-9A1E7A4F7556}") = "DrugStore.Domain", "src\Api\DrugStore.Domain\DrugStore.Domain.csproj", "{E793CF28-B658-4448-9F07-7C08DDBF88A2}"
EndProject
Project("{9A19103F-16F7-4668-BE54-9A1E7A4F7556}") = "DrugStore.Infrastructure", "src\Api\DrugStore.Infrastructure\DrugStore.Infrastructure.csproj", "{D72A9E7A-B37B-435B-A553-7CC3F130CAA5}"
EndProject
Project("{9A19103F-16F7-4668-BE54-9A1E7A4F7556}") = "DrugStore.Persistence", "src\Api\DrugStore.Persistence\DrugStore.Persistence.csproj", "{B890D665-2AC4-4AB2-9D3F-7C75B69C9087}"
EndProject
Project("{9A19103F-16F7-4668-BE54-9A1E7A4F7556}") = "DrugStore.Application", "src\Api\DrugStore.Application\DrugStore.Application.csproj", "{B9AEE65F-1CDF-4125-A2A1-66A2856125E6}"
EndProject
Project("{9A19103F-16F7-4668-BE54-9A1E7A4F7556}") = "DrugStore.StoreFront", "src\Web\DrugStore.StoreFront\DrugStore.StoreFront.csproj", "{2B05EFD5-DF08-4D76-A20E-E469EFBEA456}"
EndProject
Project("{9A19103F-16F7-4668-BE54-9A1E7A4F7556}") = "DrugStore.UnitTest", "tests\DrugStore.UnitTest\DrugStore.UnitTest.csproj", "{4D722D94-F62B-4691-AC19-0C1405AAE840}"
EndProject
Project("{9A19103F-16F7-4668-BE54-9A1E7A4F7556}") = "DrugStore.FunctionalTest", "tests\DrugStore.FunctionalTest\DrugStore.FunctionalTest.csproj", "{93CA6752-FE58-4A18-95A4-FCD79272D80E}"
EndProject
Project("{9A19103F-16F7-4668-BE54-9A1E7A4F7556}") = "DrugStore.IntegrationTest", "tests\DrugStore.IntegrationTest\DrugStore.IntegrationTest.csproj", "{0681D204-43F8-4B12-9F59-718A804077C9}"
EndProject
Project("{9A19103F-16F7-4668-BE54-9A1E7A4F7556}") = "DrugStore.WebStatus", "src\Web\DrugStore.WebStatus\DrugStore.WebStatus.csproj", "{D377709E-9A40-43A5-B784-05E7586CCDCF}"
EndProject
Project("{9A19103F-16F7-4668-BE54-9A1E7A4F7556}") = "DrugStore.BackOffice", "src\Web\DrugStore.BackOffice\DrugStore.BackOffice.csproj", "{015326DF-43A9-4D9D-ACEB-0D72C3813FD4}"
EndProject
Project("{9A19103F-16F7-4668-BE54-9A1E7A4F7556}") = "StroreFront.EndToEnd", "tests\StroreFront.EndToEnd\StroreFront.EndToEnd.csproj", "{3351E2BF-BFB7-45D9-B8AB-1D5EE4A9A1AB}"
EndProject
Project("{9A19103F-16F7-4668-BE54-9A1E7A4F7556}") = "BackOffice.EndToEnd", "tests\BackOffice.EndToEnd\BackOffice.EndToEnd.csproj", "{6D25691B-7DA4-45DF-9F01-948ECBBF5AE7}"
EndProject
Project("{9A19103F-16F7-4668-BE54-9A1E7A4F7556}") = "DrugStore.ArchTest", "tests\DrugStore.ArchTest\DrugStore.ArchTest.csproj", "{3A06DD13-4539-4E02-B222-B913A226DCDF}"
EndProject
Project("{9A19103F-16F7-4668-BE54-9A1E7A4F7556}") = "DrugStore.IdentityServer", "src\Api\DrugStore.IdentityServer\DrugStore.IdentityServer.csproj", "{AEA05C59-C5D1-49BB-8796-4C982AFDD238}"
EndProject
Project("{2150E333-8FDC-42A3-9474-1A3956D46DE8}") = "Hosts", "Hosts", "{2F30C614-A6C9-48CB-9D81-7DC847B5FC8A}"
EndProject
Project("{2150E333-8FDC-42A3-9474-1A3956D46DE8}") = "Libs", "Libs", "{EF59D7D7-A222-40E7-9E3A-340A201DE84E}"
EndProject
Global
	GlobalSection(SolutionConfigurationPlatforms) = preSolution
		Debug|Any CPU = Debug|Any CPU
		Release|Any CPU = Release|Any CPU
	EndGlobalSection
	GlobalSection(ProjectConfigurationPlatforms) = postSolution
		{24E0BC91-AA85-480D-A376-91420F6C8C8B}.Debug|Any CPU.ActiveCfg = Debug|Any CPU
		{24E0BC91-AA85-480D-A376-91420F6C8C8B}.Debug|Any CPU.Build.0 = Debug|Any CPU
		{24E0BC91-AA85-480D-A376-91420F6C8C8B}.Release|Any CPU.ActiveCfg = Release|Any CPU
		{24E0BC91-AA85-480D-A376-91420F6C8C8B}.Release|Any CPU.Build.0 = Release|Any CPU
		{E793CF28-B658-4448-9F07-7C08DDBF88A2}.Debug|Any CPU.ActiveCfg = Debug|Any CPU
		{E793CF28-B658-4448-9F07-7C08DDBF88A2}.Debug|Any CPU.Build.0 = Debug|Any CPU
		{E793CF28-B658-4448-9F07-7C08DDBF88A2}.Release|Any CPU.ActiveCfg = Release|Any CPU
		{E793CF28-B658-4448-9F07-7C08DDBF88A2}.Release|Any CPU.Build.0 = Release|Any CPU
		{D72A9E7A-B37B-435B-A553-7CC3F130CAA5}.Debug|Any CPU.ActiveCfg = Debug|Any CPU
		{D72A9E7A-B37B-435B-A553-7CC3F130CAA5}.Debug|Any CPU.Build.0 = Debug|Any CPU
		{D72A9E7A-B37B-435B-A553-7CC3F130CAA5}.Release|Any CPU.ActiveCfg = Release|Any CPU
		{D72A9E7A-B37B-435B-A553-7CC3F130CAA5}.Release|Any CPU.Build.0 = Release|Any CPU
		{B890D665-2AC4-4AB2-9D3F-7C75B69C9087}.Debug|Any CPU.ActiveCfg = Debug|Any CPU
		{B890D665-2AC4-4AB2-9D3F-7C75B69C9087}.Debug|Any CPU.Build.0 = Debug|Any CPU
		{B890D665-2AC4-4AB2-9D3F-7C75B69C9087}.Release|Any CPU.ActiveCfg = Release|Any CPU
		{B890D665-2AC4-4AB2-9D3F-7C75B69C9087}.Release|Any CPU.Build.0 = Release|Any CPU
		{B9AEE65F-1CDF-4125-A2A1-66A2856125E6}.Debug|Any CPU.ActiveCfg = Debug|Any CPU
		{B9AEE65F-1CDF-4125-A2A1-66A2856125E6}.Debug|Any CPU.Build.0 = Debug|Any CPU
		{B9AEE65F-1CDF-4125-A2A1-66A2856125E6}.Release|Any CPU.ActiveCfg = Release|Any CPU
		{B9AEE65F-1CDF-4125-A2A1-66A2856125E6}.Release|Any CPU.Build.0 = Release|Any CPU
		{2B05EFD5-DF08-4D76-A20E-E469EFBEA456}.Debug|Any CPU.ActiveCfg = Debug|Any CPU
		{2B05EFD5-DF08-4D76-A20E-E469EFBEA456}.Debug|Any CPU.Build.0 = Debug|Any CPU
		{2B05EFD5-DF08-4D76-A20E-E469EFBEA456}.Release|Any CPU.ActiveCfg = Release|Any CPU
		{2B05EFD5-DF08-4D76-A20E-E469EFBEA456}.Release|Any CPU.Build.0 = Release|Any CPU
		{4D722D94-F62B-4691-AC19-0C1405AAE840}.Debug|Any CPU.ActiveCfg = Debug|Any CPU
		{4D722D94-F62B-4691-AC19-0C1405AAE840}.Debug|Any CPU.Build.0 = Debug|Any CPU
		{4D722D94-F62B-4691-AC19-0C1405AAE840}.Release|Any CPU.ActiveCfg = Release|Any CPU
		{4D722D94-F62B-4691-AC19-0C1405AAE840}.Release|Any CPU.Build.0 = Release|Any CPU
		{93CA6752-FE58-4A18-95A4-FCD79272D80E}.Debug|Any CPU.ActiveCfg = Debug|Any CPU
		{93CA6752-FE58-4A18-95A4-FCD79272D80E}.Debug|Any CPU.Build.0 = Debug|Any CPU
		{93CA6752-FE58-4A18-95A4-FCD79272D80E}.Release|Any CPU.ActiveCfg = Release|Any CPU
		{93CA6752-FE58-4A18-95A4-FCD79272D80E}.Release|Any CPU.Build.0 = Release|Any CPU
		{0681D204-43F8-4B12-9F59-718A804077C9}.Debug|Any CPU.ActiveCfg = Debug|Any CPU
		{0681D204-43F8-4B12-9F59-718A804077C9}.Debug|Any CPU.Build.0 = Debug|Any CPU
		{0681D204-43F8-4B12-9F59-718A804077C9}.Release|Any CPU.ActiveCfg = Release|Any CPU
		{0681D204-43F8-4B12-9F59-718A804077C9}.Release|Any CPU.Build.0 = Release|Any CPU
		{D377709E-9A40-43A5-B784-05E7586CCDCF}.Debug|Any CPU.ActiveCfg = Debug|Any CPU
		{D377709E-9A40-43A5-B784-05E7586CCDCF}.Debug|Any CPU.Build.0 = Debug|Any CPU
		{D377709E-9A40-43A5-B784-05E7586CCDCF}.Release|Any CPU.ActiveCfg = Release|Any CPU
		{D377709E-9A40-43A5-B784-05E7586CCDCF}.Release|Any CPU.Build.0 = Release|Any CPU
		{015326DF-43A9-4D9D-ACEB-0D72C3813FD4}.Debug|Any CPU.ActiveCfg = Debug|Any CPU
		{015326DF-43A9-4D9D-ACEB-0D72C3813FD4}.Debug|Any CPU.Build.0 = Debug|Any CPU
		{015326DF-43A9-4D9D-ACEB-0D72C3813FD4}.Release|Any CPU.ActiveCfg = Release|Any CPU
		{015326DF-43A9-4D9D-ACEB-0D72C3813FD4}.Release|Any CPU.Build.0 = Release|Any CPU
		{3351E2BF-BFB7-45D9-B8AB-1D5EE4A9A1AB}.Debug|Any CPU.ActiveCfg = Debug|Any CPU
		{3351E2BF-BFB7-45D9-B8AB-1D5EE4A9A1AB}.Debug|Any CPU.Build.0 = Debug|Any CPU
		{3351E2BF-BFB7-45D9-B8AB-1D5EE4A9A1AB}.Release|Any CPU.ActiveCfg = Release|Any CPU
		{3351E2BF-BFB7-45D9-B8AB-1D5EE4A9A1AB}.Release|Any CPU.Build.0 = Release|Any CPU
		{6D25691B-7DA4-45DF-9F01-948ECBBF5AE7}.Debug|Any CPU.ActiveCfg = Debug|Any CPU
		{6D25691B-7DA4-45DF-9F01-948ECBBF5AE7}.Debug|Any CPU.Build.0 = Debug|Any CPU
		{6D25691B-7DA4-45DF-9F01-948ECBBF5AE7}.Release|Any CPU.ActiveCfg = Release|Any CPU
		{6D25691B-7DA4-45DF-9F01-948ECBBF5AE7}.Release|Any CPU.Build.0 = Release|Any CPU
		{3A06DD13-4539-4E02-B222-B913A226DCDF}.Debug|Any CPU.ActiveCfg = Debug|Any CPU
		{3A06DD13-4539-4E02-B222-B913A226DCDF}.Debug|Any CPU.Build.0 = Debug|Any CPU
		{3A06DD13-4539-4E02-B222-B913A226DCDF}.Release|Any CPU.ActiveCfg = Release|Any CPU
		{3A06DD13-4539-4E02-B222-B913A226DCDF}.Release|Any CPU.Build.0 = Release|Any CPU
		{AEA05C59-C5D1-49BB-8796-4C982AFDD238}.Debug|Any CPU.ActiveCfg = Debug|Any CPU
		{AEA05C59-C5D1-49BB-8796-4C982AFDD238}.Debug|Any CPU.Build.0 = Debug|Any CPU
		{AEA05C59-C5D1-49BB-8796-4C982AFDD238}.Release|Any CPU.ActiveCfg = Release|Any CPU
		{AEA05C59-C5D1-49BB-8796-4C982AFDD238}.Release|Any CPU.Build.0 = Release|Any CPU
	EndGlobalSection
	GlobalSection(SolutionProperties) = preSolution
		HideSolutionNode = FALSE
	EndGlobalSection
	GlobalSection(NestedProjects) = preSolution
		{9C80DCC4-B99B-4B9F-A063-6827571BED79} = {C9D53F3E-2640-44CF-A46A-5035A1532AD5}
		{6FC3E3A3-DB10-4268-A370-EA72055D61F2} = {C9D53F3E-2640-44CF-A46A-5035A1532AD5}
		{24E0BC91-AA85-480D-A376-91420F6C8C8B} = {2F30C614-A6C9-48CB-9D81-7DC847B5FC8A}
		{E793CF28-B658-4448-9F07-7C08DDBF88A2} = {EF59D7D7-A222-40E7-9E3A-340A201DE84E}
		{D72A9E7A-B37B-435B-A553-7CC3F130CAA5} = {EF59D7D7-A222-40E7-9E3A-340A201DE84E}
		{B890D665-2AC4-4AB2-9D3F-7C75B69C9087} = {EF59D7D7-A222-40E7-9E3A-340A201DE84E}
		{B9AEE65F-1CDF-4125-A2A1-66A2856125E6} = {EF59D7D7-A222-40E7-9E3A-340A201DE84E}
		{2B05EFD5-DF08-4D76-A20E-E469EFBEA456} = {6FC3E3A3-DB10-4268-A370-EA72055D61F2}
		{4D722D94-F62B-4691-AC19-0C1405AAE840} = {ED85D44B-550E-4817-8FCD-34C6D78D21E7}
		{93CA6752-FE58-4A18-95A4-FCD79272D80E} = {ED85D44B-550E-4817-8FCD-34C6D78D21E7}
		{0681D204-43F8-4B12-9F59-718A804077C9} = {ED85D44B-550E-4817-8FCD-34C6D78D21E7}
		{D377709E-9A40-43A5-B784-05E7586CCDCF} = {6FC3E3A3-DB10-4268-A370-EA72055D61F2}
		{015326DF-43A9-4D9D-ACEB-0D72C3813FD4} = {6FC3E3A3-DB10-4268-A370-EA72055D61F2}
		{3351E2BF-BFB7-45D9-B8AB-1D5EE4A9A1AB} = {ED85D44B-550E-4817-8FCD-34C6D78D21E7}
		{6D25691B-7DA4-45DF-9F01-948ECBBF5AE7} = {ED85D44B-550E-4817-8FCD-34C6D78D21E7}
		{3A06DD13-4539-4E02-B222-B913A226DCDF} = {ED85D44B-550E-4817-8FCD-34C6D78D21E7}
		{AEA05C59-C5D1-49BB-8796-4C982AFDD238} = {2F30C614-A6C9-48CB-9D81-7DC847B5FC8A}
		{2F30C614-A6C9-48CB-9D81-7DC847B5FC8A} = {9C80DCC4-B99B-4B9F-A063-6827571BED79}
		{EF59D7D7-A222-40E7-9E3A-340A201DE84E} = {9C80DCC4-B99B-4B9F-A063-6827571BED79}
	EndGlobalSection
	GlobalSection(ExtensibilityGlobals) = postSolution
		SolutionGuid = {6313A171-F2C3-4A25-A58C-59274CF99F8F}
	EndGlobalSection
EndGlobal
